PODS:
  - external_app_launcher (0.0.1):
    - Flutter
  - Flutter (1.0.0)
  - flutter_archive (0.0.1):
    - Flutter
    - ZIPFoundation (= 0.9.19)
  - path_provider_foundation (0.0.1):
    - Flutter
    - FlutterMacOS
  - receive_sharing_intent (1.8.1):
    - Flutter
  - receive_whatsapp_chat (0.1.9):
    - Flutter
  - ZIPFoundation (0.9.19)

DEPENDENCIES:
  - external_app_launcher (from `.symlinks/plugins/external_app_launcher/ios`)
  - Flutter (from `Flutter`)
  - flutter_archive (from `.symlinks/plugins/flutter_archive/ios`)
  - path_provider_foundation (from `.symlinks/plugins/path_provider_foundation/darwin`)
  - receive_sharing_intent (from `.symlinks/plugins/receive_sharing_intent/ios`)
  - receive_whatsapp_chat (from `.symlinks/plugins/receive_whatsapp_chat/ios`)

SPEC REPOS:
  trunk:
    - ZIPFoundation

EXTERNAL SOURCES:
  external_app_launcher:
    :path: ".symlinks/plugins/external_app_launcher/ios"
  Flutter:
    :path: Flutter
  flutter_archive:
    :path: ".symlinks/plugins/flutter_archive/ios"
  path_provider_foundation:
    :path: ".symlinks/plugins/path_provider_foundation/darwin"
  receive_sharing_intent:
    :path: ".symlinks/plugins/receive_sharing_intent/ios"
  receive_whatsapp_chat:
    :path: ".symlinks/plugins/receive_whatsapp_chat/ios"

SPEC CHECKSUMS:
  external_app_launcher: ad55ac844aa21f2d2197d7cec58ff0d0dc40bbc0
  Flutter: cabc95a1d2626b1b06e7179b784ebcf0c0cde467
  flutter_archive: cb3e0219e555897ba4b36f166baa1eca394890b9
  path_provider_foundation: 2b6b4c569c0fb62ec74538f866245ac84301af46
  receive_sharing_intent: 79c848f5b045674ad60b9fea3bafea59962ad2c1
  receive_whatsapp_chat: 41269b73e7c32cc67109a5ee8ebd40c912df7280
  ZIPFoundation: b8c29ea7ae353b309bc810586181fd073cb3312c

PODFILE CHECKSUM: 19e3e8dd69ac89e0c4d9388dd70e49346d6367dc

COCOAPODS: 1.16.2
